
Microsoft Visual Studio Solution File, Format Version 12.00
# Visual Studio Version 17
VisualStudioVersion = 17.8.34511.84
MinimumVisualStudioVersion = 10.0.40219.1
Project("{FAE04EC0-301F-11D3-BF4B-00C04F79EFBC}") = "StripeTestAPIKey", "StripeTestAPIKey\StripeTestAPIKey.csproj", "{6317935A-71D3-4ED6-8B45-C2C4987A9A67}"
EndProject
Global
	GlobalSection(SolutionConfigurationPlatforms) = preSolution
		Debug|Any CPU = Debug|Any CPU
		Release|Any CPU = Release|Any CPU
	EndGlobalSection
	GlobalSection(ProjectConfigurationPlatforms) = postSolution
		{6317935A-71D3-4ED6-8B45-C2C4987A9A67}.Debug|Any CPU.ActiveCfg = Debug|Any CPU
		{6317935A-71D3-4ED6-8B45-C2C4987A9A67}.Debug|Any CPU.Build.0 = Debug|Any CPU
		{6317935A-71D3-4ED6-8B45-C2C4987A9A67}.Release|Any CPU.ActiveCfg = Release|Any CPU
		{6317935A-71D3-4ED6-8B45-C2C4987A9A67}.Release|Any CPU.Build.0 = Release|Any CPU
	EndGlobalSection
	GlobalSection(SolutionProperties) = preSolution
		HideSolutionNode = FALSE
	EndGlobalSection
	GlobalSection(ExtensibilityGlobals) = postSolution
		SolutionGuid = {F279EFC0-B1AE-4814-A7F2-D38ABB45997C}
	EndGlobalSection
EndGlobal
